hash: cc8eda7822e8e45998732ae1f71439d13575d4987072f59fd7ed60a89c18ab02
updated: 2016-12-19T22:01:00.674764668+01:00
imports:
- name: github.com/bborbe/flagenv
  version: 96aab95bb1341e7a7ccf9160e49792e2ad3b0e08
- name: github.com/bborbe/http
  version: 0af97ef0fa27c72d7ad65a5e3a15ec1aebcfe695
  subpackages:
  - header
- name: github.com/bborbe/http_handler
  version: ba78c185d604968f5bc3f490339ae7e86e351878
  subpackages:
  - auth_basic
  - debug
  - dump_request
  - error
  - multi_fileserver
  - static
- name: github.com/bborbe/io
  version: a11fbd04dece7d16d80e69884526dafdea697648
  subpackages:
  - util
- name: github.com/facebookgo/clock
  version: 600d898af40aa09a7a93ecb9265d87b0504b6f03
- name: github.com/facebookgo/grace
  version: 5729e484473f52048578af1b80d0008c7024089b
  subpackages:
  - gracehttp
  - gracenet
- name: github.com/facebookgo/httpdown
  version: a3b1354551a26449fbe05f5d855937f6e7acbd71
- name: github.com/facebookgo/stats
  version: 1b76add642e42c6ffba7211ad7b3939ce654526e
- name: github.com/golang/glog
  version: 23def4e6c14b4da8ac2ed8007337bc5eb5007998
testImports:
- name: github.com/bborbe/assert
  version: d2b3a7c4c731ac8cc63c6f5a1ea7d401e7547d42
