hash: cc8eda7822e8e45998732ae1f71439d13575d4987072f59fd7ed60a89c18ab02
updated: 2016-08-30T10:03:15.554447498+02:00
imports:
- name: github.com/bborbe/flagenv
  version: 96aab95bb1341e7a7ccf9160e49792e2ad3b0e08
- name: github.com/bborbe/http
  version: addca5fc2e2de1bef39a64990873806e7fc9c0a9
  subpackages:
  - header
- name: github.com/bborbe/http_handler
  version: 3ce100a4d1664348a31553631244fe337df991f5
  subpackages:
  - auth_basic
  - debug
  - multi_fileserver
  - static
- name: github.com/bborbe/io
  version: f014e6fbe9170c0692122497023eedb9d6e53cc2
  subpackages:
  - util
- name: github.com/facebookgo/clock
  version: 600d898af40aa09a7a93ecb9265d87b0504b6f03
- name: github.com/facebookgo/grace
  version: 053ab5d25436faedf3fe76fbf3da797c8c27c659
  subpackages:
  - gracehttp
  - gracenet
- name: github.com/facebookgo/httpdown
  version: a3b1354551a26449fbe05f5d855937f6e7acbd71
- name: github.com/facebookgo/stats
  version: 1b76add642e42c6ffba7211ad7b3939ce654526e
- name: github.com/golang/glog
  version: 23def4e6c14b4da8ac2ed8007337bc5eb5007998
testImports:
- name: github.com/bborbe/assert
  version: 2db035a4c0870f6f48d1955f7b9542f9dbd4fb64
